# This file is @generated by PDM.
# It is not intended for manual editing.

[metadata]
groups = ["default"]
strategy = ["inherit_metadata"]
lock_version = "4.5.0"
content_hash = "sha256:fc549990427910f1b209a58cbccb553f8b9603fb3aa47d393a39b1d36d6a8f63"

[[metadata.targets]]
requires_python = ">=3.11"
